
Microsoft Visual Studio Solution File, Format Version 11.00
# Visual Studio 2010
Project("{FAE04EC0-301F-11D3-BF4B-00C04F79EFBC}") = "Assembly-CSharp", "Assembly-CSharp.csproj", "{1d3ccc9e-f982-d9b4-8fe2-3a260068ebfc}"
EndProject
Project("{FAE04EC0-301F-11D3-BF4B-00C04F79EFBC}") = "Unity.2D.Tilemap.Extras", "Unity.2D.Tilemap.Extras.csproj", "{cc5060ad-85c9-2109-33f5-f2f8b6423e52}"
EndProject
Project("{FAE04EC0-301F-11D3-BF4B-00C04F79EFBC}") = "Unity.2D.Tilemap.Extras.Editor", "Unity.2D.Tilemap.Extras.Editor.csproj", "{d167ed16-8a89-291c-d9da-586ca890db39}"
EndProject
Project("{FAE04EC0-301F-11D3-BF4B-00C04F79EFBC}") = "Unity.2D.Tilemap.Extras.Placeholder.EditorTests", "Unity.2D.Tilemap.Extras.Placeholder.EditorTests.csproj", "{e383265c-01ea-a194-99b0-dbb55f93e49e}"
EndProject
Global
	GlobalSection(SolutionConfigurationPlatforms) = preSolution
		Debug|Any CPU = Debug|Any CPU
		Release|Any CPU = Release|Any CPU
	EndGlobalSection
	GlobalSection(ProjectConfigurationPlatforms) = postSolution
		{1d3ccc9e-f982-d9b4-8fe2-3a260068ebfc}.Debug|Any CPU.ActiveCfg = Debug|Any CPU
		{1d3ccc9e-f982-d9b4-8fe2-3a260068ebfc}.Debug|Any CPU.Build.0 = Debug|Any CPU
		{1d3ccc9e-f982-d9b4-8fe2-3a260068ebfc}.Release|Any CPU.ActiveCfg = Release|Any CPU
		{1d3ccc9e-f982-d9b4-8fe2-3a260068ebfc}.Release|Any CPU.Build.0 = Release|Any CPU
		{cc5060ad-85c9-2109-33f5-f2f8b6423e52}.Debug|Any CPU.ActiveCfg = Debug|Any CPU
		{cc5060ad-85c9-2109-33f5-f2f8b6423e52}.Debug|Any CPU.Build.0 = Debug|Any CPU
		{cc5060ad-85c9-2109-33f5-f2f8b6423e52}.Release|Any CPU.ActiveCfg = Release|Any CPU
		{cc5060ad-85c9-2109-33f5-f2f8b6423e52}.Release|Any CPU.Build.0 = Release|Any CPU
		{d167ed16-8a89-291c-d9da-586ca890db39}.Debug|Any CPU.ActiveCfg = Debug|Any CPU
		{d167ed16-8a89-291c-d9da-586ca890db39}.Debug|Any CPU.Build.0 = Debug|Any CPU
		{d167ed16-8a89-291c-d9da-586ca890db39}.Release|Any CPU.ActiveCfg = Release|Any CPU
		{d167ed16-8a89-291c-d9da-586ca890db39}.Release|Any CPU.Build.0 = Release|Any CPU
		{e383265c-01ea-a194-99b0-dbb55f93e49e}.Debug|Any CPU.ActiveCfg = Debug|Any CPU
		{e383265c-01ea-a194-99b0-dbb55f93e49e}.Debug|Any CPU.Build.0 = Debug|Any CPU
		{e383265c-01ea-a194-99b0-dbb55f93e49e}.Release|Any CPU.ActiveCfg = Release|Any CPU
		{e383265c-01ea-a194-99b0-dbb55f93e49e}.Release|Any CPU.Build.0 = Release|Any CPU
	EndGlobalSection
	GlobalSection(SolutionProperties) = preSolution
		HideSolutionNode = FALSE
	EndGlobalSection
EndGlobal
